
Microsoft Visual Studio Solution File, Format Version 12.00
# Visual Studio Version 17
VisualStudioVersion = 17.0.32126.317
MinimumVisualStudioVersion = 10.0.40219.1
Project("{FAE04EC0-301F-11D3-BF4B-00C04F79EFBC}") = "ProjJogodaVelha", "ProjJogodaVelha\ProjJogodaVelha.csproj", "{5F967165-7B94-416C-AAA5-68A1867B212D}"
EndProject
Global
	GlobalSection(SolutionConfigurationPlatforms) = preSolution
		Debug|Any CPU = Debug|Any CPU
		Release|Any CPU = Release|Any CPU
	EndGlobalSection
	GlobalSection(ProjectConfigurationPlatforms) = postSolution
		{5F967165-7B94-416C-AAA5-68A1867B212D}.Debug|Any CPU.ActiveCfg = Debug|Any CPU
		{5F967165-7B94-416C-AAA5-68A1867B212D}.Debug|Any CPU.Build.0 = Debug|Any CPU
		{5F967165-7B94-416C-AAA5-68A1867B212D}.Release|Any CPU.ActiveCfg = Release|Any CPU
		{5F967165-7B94-416C-AAA5-68A1867B212D}.Release|Any CPU.Build.0 = Release|Any CPU
	EndGlobalSection
	GlobalSection(SolutionProperties) = preSolution
		HideSolutionNode = FALSE
	EndGlobalSection
	GlobalSection(ExtensibilityGlobals) = postSolution
		SolutionGuid = {273E11C2-E983-4854-BF4A-FA432C6D6231}
	EndGlobalSection
EndGlobal
